
Microsoft Visual Studio Solution File, Format Version 12.00
# Visual Studio Version 17
VisualStudioVersion = 17.4.33205.214
MinimumVisualStudioVersion = 10.0.40219.1
Project("{2150E333-8FDC-42A3-9474-1A3956D46DE8}") = "Services", "Services", "{84FFF55B-9497-49CC-B672-91C8D85E053A}"
EndProject
Project("{2150E333-8FDC-42A3-9474-1A3956D46DE8}") = "Catalog", "Catalog", "{462F2D09-0F1A-4DB3-BF61-F67DC85E11CA}"
EndProject
Project("{9A19103F-16F7-4668-BE54-9A1E7A4F7556}") = "ECommerce.Services.Catalog", "Services\Catalog\ECommerce.Services.Catalog\ECommerce.Services.Catalog.csproj", "{6285CA26-7977-4DA5-A314-52C3AA949602}"
EndProject
Project("{2150E333-8FDC-42A3-9474-1A3956D46DE8}") = "Solution Items", "Solution Items", "{D0791B1E-9593-4D67-91DB-44CF64144EC9}"
	ProjectSection(SolutionItems) = preProject
		Port.txt = Port.txt
		ToDoList.txt = ToDoList.txt
	EndProjectSection
EndProject
Project("{2150E333-8FDC-42A3-9474-1A3956D46DE8}") = "Shared", "Shared", "{6319F5C3-3D1A-40A9-9650-20FF560E0F82}"
EndProject
Project("{9A19103F-16F7-4668-BE54-9A1E7A4F7556}") = "ECommerce.Shared", "Shared\ECommerce.Shared\ECommerce.Shared.csproj", "{7EC3CF20-C683-43FF-B717-7443AB09C98A}"
EndProject
Project("{2150E333-8FDC-42A3-9474-1A3956D46DE8}") = "IdentityServer", "IdentityServer", "{A798BC55-4F57-455D-A96D-D0EF24126725}"
EndProject
Project("{9A19103F-16F7-4668-BE54-9A1E7A4F7556}") = "ECommerce.IdentityServer", "IdentityServer\ECommerce.IdentityServer\ECommerce.IdentityServer.csproj", "{213F5A64-53A4-4236-9948-547E8B176FD9}"
EndProject
Project("{2150E333-8FDC-42A3-9474-1A3956D46DE8}") = "Basket", "Basket", "{1A973073-A1A2-4D8A-85EB-3B3CD95AE348}"
EndProject
Project("{9A19103F-16F7-4668-BE54-9A1E7A4F7556}") = "ECommerce.Services.Basket", "Services\Basket\ECommerce.Services.Basket\ECommerce.Services.Basket.csproj", "{E4A668D7-4851-47FD-B69C-BF842FB02A60}"
EndProject
Project("{2150E333-8FDC-42A3-9474-1A3956D46DE8}") = "Discount", "Discount", "{FCE390ED-EE54-408A-9631-E73A48487382}"
EndProject
Project("{9A19103F-16F7-4668-BE54-9A1E7A4F7556}") = "ECommerce.Services.Discount", "Services\Discount\ECommerce.Services.Discount\ECommerce.Services.Discount.csproj", "{5E3D1E17-13FC-47AD-8035-B0C5B1697FE2}"
EndProject
Project("{2150E333-8FDC-42A3-9474-1A3956D46DE8}") = "FakePayment", "FakePayment", "{FB413B1D-EDF3-44E0-AA0C-146898E82924}"
EndProject
Project("{9A19103F-16F7-4668-BE54-9A1E7A4F7556}") = "ECommerce.Services.FakePayment", "Services\FakePayment\ECommerce.Services.FakePayment\ECommerce.Services.FakePayment.csproj", "{5B38EC3D-166E-4F8D-B544-40A2D0FC3786}"
EndProject
Project("{2150E333-8FDC-42A3-9474-1A3956D46DE8}") = "Order", "Order", "{AE2EBDF5-DFA7-43E6-BC11-CD97EE5A5A6C}"
EndProject
Project("{9A19103F-16F7-4668-BE54-9A1E7A4F7556}") = "ECommerce.Services.Order.Api", "Services\Order\ECommerce.Services.Order.Api\ECommerce.Services.Order.Api.csproj", "{E5BE7167-438B-4240-A50D-FF70A6E22F25}"
EndProject
Project("{9A19103F-16F7-4668-BE54-9A1E7A4F7556}") = "ECommerce.Order.Application", "Services\Order\ECommerce.Order.Application\ECommerce.Order.Application.csproj", "{E536D835-811F-4FD0-A95D-64F70BB7117E}"
EndProject
Project("{9A19103F-16F7-4668-BE54-9A1E7A4F7556}") = "ECommerce.Order.Domain", "Services\Order\ECommerce.Order.Domain\ECommerce.Order.Domain.csproj", "{97F50390-7E96-4201-9381-1B1C95DFD27C}"
EndProject
Project("{9A19103F-16F7-4668-BE54-9A1E7A4F7556}") = "ECommerce.Order.Domain.Core", "Services\Order\ECommerce.Order.Domain.Core\ECommerce.Order.Domain.Core.csproj", "{30370124-4F17-4DB3-8FBA-5F9440A335EF}"
EndProject
Project("{9A19103F-16F7-4668-BE54-9A1E7A4F7556}") = "ECommerce.Order.Infrastructure", "Services\Order\ECommerce.Order.Infrastructure\ECommerce.Order.Infrastructure.csproj", "{8906ECDD-18CB-408F-B17A-81F785E78BE4}"
EndProject
Project("{2150E333-8FDC-42A3-9474-1A3956D46DE8}") = "PhotoStock", "PhotoStock", "{F1104B91-D832-480D-85E3-B86439968961}"
EndProject
Project("{9A19103F-16F7-4668-BE54-9A1E7A4F7556}") = "ECommerce.Services.PhotoStock", "Services\PhotoStock\ECommerce.Services.PhotoStock\ECommerce.Services.PhotoStock.csproj", "{72560E7D-0F45-4C2E-8EAD-9D4E0DAFD803}"
EndProject
Global
	GlobalSection(SolutionConfigurationPlatforms) = preSolution
		Debug|Any CPU = Debug|Any CPU
		Release|Any CPU = Release|Any CPU
	EndGlobalSection
	GlobalSection(ProjectConfigurationPlatforms) = postSolution
		{6285CA26-7977-4DA5-A314-52C3AA949602}.Debug|Any CPU.ActiveCfg = Debug|Any CPU
		{6285CA26-7977-4DA5-A314-52C3AA949602}.Debug|Any CPU.Build.0 = Debug|Any CPU
		{6285CA26-7977-4DA5-A314-52C3AA949602}.Release|Any CPU.ActiveCfg = Release|Any CPU
		{6285CA26-7977-4DA5-A314-52C3AA949602}.Release|Any CPU.Build.0 = Release|Any CPU
		{7EC3CF20-C683-43FF-B717-7443AB09C98A}.Debug|Any CPU.ActiveCfg = Debug|Any CPU
		{7EC3CF20-C683-43FF-B717-7443AB09C98A}.Debug|Any CPU.Build.0 = Debug|Any CPU
		{7EC3CF20-C683-43FF-B717-7443AB09C98A}.Release|Any CPU.ActiveCfg = Release|Any CPU
		{7EC3CF20-C683-43FF-B717-7443AB09C98A}.Release|Any CPU.Build.0 = Release|Any CPU
		{213F5A64-53A4-4236-9948-547E8B176FD9}.Debug|Any CPU.ActiveCfg = Debug|Any CPU
		{213F5A64-53A4-4236-9948-547E8B176FD9}.Debug|Any CPU.Build.0 = Debug|Any CPU
		{213F5A64-53A4-4236-9948-547E8B176FD9}.Release|Any CPU.ActiveCfg = Release|Any CPU
		{213F5A64-53A4-4236-9948-547E8B176FD9}.Release|Any CPU.Build.0 = Release|Any CPU
		{E4A668D7-4851-47FD-B69C-BF842FB02A60}.Debug|Any CPU.ActiveCfg = Debug|Any CPU
		{E4A668D7-4851-47FD-B69C-BF842FB02A60}.Debug|Any CPU.Build.0 = Debug|Any CPU
		{E4A668D7-4851-47FD-B69C-BF842FB02A60}.Release|Any CPU.ActiveCfg = Release|Any CPU
		{E4A668D7-4851-47FD-B69C-BF842FB02A60}.Release|Any CPU.Build.0 = Release|Any CPU
		{5E3D1E17-13FC-47AD-8035-B0C5B1697FE2}.Debug|Any CPU.ActiveCfg = Debug|Any CPU
		{5E3D1E17-13FC-47AD-8035-B0C5B1697FE2}.Debug|Any CPU.Build.0 = Debug|Any CPU
		{5E3D1E17-13FC-47AD-8035-B0C5B1697FE2}.Release|Any CPU.ActiveCfg = Release|Any CPU
		{5E3D1E17-13FC-47AD-8035-B0C5B1697FE2}.Release|Any CPU.Build.0 = Release|Any CPU
		{5B38EC3D-166E-4F8D-B544-40A2D0FC3786}.Debug|Any CPU.ActiveCfg = Debug|Any CPU
		{5B38EC3D-166E-4F8D-B544-40A2D0FC3786}.Debug|Any CPU.Build.0 = Debug|Any CPU
		{5B38EC3D-166E-4F8D-B544-40A2D0FC3786}.Release|Any CPU.ActiveCfg = Release|Any CPU
		{5B38EC3D-166E-4F8D-B544-40A2D0FC3786}.Release|Any CPU.Build.0 = Release|Any CPU
		{E5BE7167-438B-4240-A50D-FF70A6E22F25}.Debug|Any CPU.ActiveCfg = Debug|Any CPU
		{E5BE7167-438B-4240-A50D-FF70A6E22F25}.Debug|Any CPU.Build.0 = Debug|Any CPU
		{E5BE7167-438B-4240-A50D-FF70A6E22F25}.Release|Any CPU.ActiveCfg = Release|Any CPU
		{E5BE7167-438B-4240-A50D-FF70A6E22F25}.Release|Any CPU.Build.0 = Release|Any CPU
		{E536D835-811F-4FD0-A95D-64F70BB7117E}.Debug|Any CPU.ActiveCfg = Debug|Any CPU
		{E536D835-811F-4FD0-A95D-64F70BB7117E}.Debug|Any CPU.Build.0 = Debug|Any CPU
		{E536D835-811F-4FD0-A95D-64F70BB7117E}.Release|Any CPU.ActiveCfg = Release|Any CPU
		{E536D835-811F-4FD0-A95D-64F70BB7117E}.Release|Any CPU.Build.0 = Release|Any CPU
		{97F50390-7E96-4201-9381-1B1C95DFD27C}.Debug|Any CPU.ActiveCfg = Debug|Any CPU
		{97F50390-7E96-4201-9381-1B1C95DFD27C}.Debug|Any CPU.Build.0 = Debug|Any CPU
		{97F50390-7E96-4201-9381-1B1C95DFD27C}.Release|Any CPU.ActiveCfg = Release|Any CPU
		{97F50390-7E96-4201-9381-1B1C95DFD27C}.Release|Any CPU.Build.0 = Release|Any CPU
		{30370124-4F17-4DB3-8FBA-5F9440A335EF}.Debug|Any CPU.ActiveCfg = Debug|Any CPU
		{30370124-4F17-4DB3-8FBA-5F9440A335EF}.Debug|Any CPU.Build.0 = Debug|Any CPU
		{30370124-4F17-4DB3-8FBA-5F9440A335EF}.Release|Any CPU.ActiveCfg = Release|Any CPU
		{30370124-4F17-4DB3-8FBA-5F9440A335EF}.Release|Any CPU.Build.0 = Release|Any CPU
		{8906ECDD-18CB-408F-B17A-81F785E78BE4}.Debug|Any CPU.ActiveCfg = Debug|Any CPU
		{8906ECDD-18CB-408F-B17A-81F785E78BE4}.Debug|Any CPU.Build.0 = Debug|Any CPU
		{8906ECDD-18CB-408F-B17A-81F785E78BE4}.Release|Any CPU.ActiveCfg = Release|Any CPU
		{8906ECDD-18CB-408F-B17A-81F785E78BE4}.Release|Any CPU.Build.0 = Release|Any CPU
		{72560E7D-0F45-4C2E-8EAD-9D4E0DAFD803}.Debug|Any CPU.ActiveCfg = Debug|Any CPU
		{72560E7D-0F45-4C2E-8EAD-9D4E0DAFD803}.Debug|Any CPU.Build.0 = Debug|Any CPU
		{72560E7D-0F45-4C2E-8EAD-9D4E0DAFD803}.Release|Any CPU.ActiveCfg = Release|Any CPU
		{72560E7D-0F45-4C2E-8EAD-9D4E0DAFD803}.Release|Any CPU.Build.0 = Release|Any CPU
	EndGlobalSection
	GlobalSection(SolutionProperties) = preSolution
		HideSolutionNode = FALSE
	EndGlobalSection
	GlobalSection(NestedProjects) = preSolution
		{462F2D09-0F1A-4DB3-BF61-F67DC85E11CA} = {84FFF55B-9497-49CC-B672-91C8D85E053A}
		{6285CA26-7977-4DA5-A314-52C3AA949602} = {462F2D09-0F1A-4DB3-BF61-F67DC85E11CA}
		{7EC3CF20-C683-43FF-B717-7443AB09C98A} = {6319F5C3-3D1A-40A9-9650-20FF560E0F82}
		{213F5A64-53A4-4236-9948-547E8B176FD9} = {A798BC55-4F57-455D-A96D-D0EF24126725}
		{1A973073-A1A2-4D8A-85EB-3B3CD95AE348} = {84FFF55B-9497-49CC-B672-91C8D85E053A}
		{E4A668D7-4851-47FD-B69C-BF842FB02A60} = {1A973073-A1A2-4D8A-85EB-3B3CD95AE348}
		{FCE390ED-EE54-408A-9631-E73A48487382} = {84FFF55B-9497-49CC-B672-91C8D85E053A}
		{5E3D1E17-13FC-47AD-8035-B0C5B1697FE2} = {FCE390ED-EE54-408A-9631-E73A48487382}
		{FB413B1D-EDF3-44E0-AA0C-146898E82924} = {84FFF55B-9497-49CC-B672-91C8D85E053A}
		{5B38EC3D-166E-4F8D-B544-40A2D0FC3786} = {FB413B1D-EDF3-44E0-AA0C-146898E82924}
		{AE2EBDF5-DFA7-43E6-BC11-CD97EE5A5A6C} = {84FFF55B-9497-49CC-B672-91C8D85E053A}
		{E5BE7167-438B-4240-A50D-FF70A6E22F25} = {AE2EBDF5-DFA7-43E6-BC11-CD97EE5A5A6C}
		{E536D835-811F-4FD0-A95D-64F70BB7117E} = {AE2EBDF5-DFA7-43E6-BC11-CD97EE5A5A6C}
		{97F50390-7E96-4201-9381-1B1C95DFD27C} = {AE2EBDF5-DFA7-43E6-BC11-CD97EE5A5A6C}
		{30370124-4F17-4DB3-8FBA-5F9440A335EF} = {AE2EBDF5-DFA7-43E6-BC11-CD97EE5A5A6C}
		{8906ECDD-18CB-408F-B17A-81F785E78BE4} = {AE2EBDF5-DFA7-43E6-BC11-CD97EE5A5A6C}
		{F1104B91-D832-480D-85E3-B86439968961} = {84FFF55B-9497-49CC-B672-91C8D85E053A}
		{72560E7D-0F45-4C2E-8EAD-9D4E0DAFD803} = {F1104B91-D832-480D-85E3-B86439968961}
	EndGlobalSection
	GlobalSection(ExtensibilityGlobals) = postSolution
		SolutionGuid = {0FD8ECB6-55D3-438E-AD1D-2E0EACF37CAF}
	EndGlobalSection
EndGlobal
